
Microsoft Visual Studio Solution File, Format Version 12.00
# Visual Studio Version 17
VisualStudioVersion = 17.6.33723.286
MinimumVisualStudioVersion = 10.0.40219.1
Project("{9A19103F-16F7-4668-BE54-9A1E7A4F7556}") = "01.Persons", "01.Persons\01.Persons.csproj", "{B837D13B-9BD0-4668-A404-E1C83EE7B30C}"
EndProject
Project("{FAE04EC0-301F-11D3-BF4B-00C04F79EFBC}") = "02.Salary", "02.Salary\02.Salary.csproj", "{4C9511BF-BB19-4F3E-A75D-70743F45D5EB}"
EndProject
Project("{FAE04EC0-301F-11D3-BF4B-00C04F79EFBC}") = "03.Validation", "03.Validation\03.Validation.csproj", "{157207FB-D9AE-4160-93FB-B6361B1DCD7B}"
EndProject
Global
	GlobalSection(SolutionConfigurationPlatforms) = preSolution
		Debug|Any CPU = Debug|Any CPU
		Release|Any CPU = Release|Any CPU
	EndGlobalSection
	GlobalSection(ProjectConfigurationPlatforms) = postSolution
		{B837D13B-9BD0-4668-A404-E1C83EE7B30C}.Debug|Any CPU.ActiveCfg = Debug|Any CPU
		{B837D13B-9BD0-4668-A404-E1C83EE7B30C}.Debug|Any CPU.Build.0 = Debug|Any CPU
		{B837D13B-9BD0-4668-A404-E1C83EE7B30C}.Release|Any CPU.ActiveCfg = Release|Any CPU
		{B837D13B-9BD0-4668-A404-E1C83EE7B30C}.Release|Any CPU.Build.0 = Release|Any CPU
		{4C9511BF-BB19-4F3E-A75D-70743F45D5EB}.Debug|Any CPU.ActiveCfg = Debug|Any CPU
		{4C9511BF-BB19-4F3E-A75D-70743F45D5EB}.Debug|Any CPU.Build.0 = Debug|Any CPU
		{4C9511BF-BB19-4F3E-A75D-70743F45D5EB}.Release|Any CPU.ActiveCfg = Release|Any CPU
		{4C9511BF-BB19-4F3E-A75D-70743F45D5EB}.Release|Any CPU.Build.0 = Release|Any CPU
		{157207FB-D9AE-4160-93FB-B6361B1DCD7B}.Debug|Any CPU.ActiveCfg = Debug|Any CPU
		{157207FB-D9AE-4160-93FB-B6361B1DCD7B}.Debug|Any CPU.Build.0 = Debug|Any CPU
		{157207FB-D9AE-4160-93FB-B6361B1DCD7B}.Release|Any CPU.ActiveCfg = Release|Any CPU
		{157207FB-D9AE-4160-93FB-B6361B1DCD7B}.Release|Any CPU.Build.0 = Release|Any CPU
	EndGlobalSection
	GlobalSection(SolutionProperties) = preSolution
		HideSolutionNode = FALSE
	EndGlobalSection
	GlobalSection(ExtensibilityGlobals) = postSolution
		SolutionGuid = {C8D9AA98-0642-44A2-8E67-2927C085A433}
	EndGlobalSection
EndGlobal
