
Microsoft Visual Studio Solution File, Format Version 12.00
# Visual Studio Version 17
VisualStudioVersion = 17.6.33723.286
MinimumVisualStudioVersion = 10.0.40219.1
Project("{9A19103F-16F7-4668-BE54-9A1E7A4F7556}") = "Person", "OOP\O-Exercise-Inheritance\01.Person\Person.csproj", "{F1C9970C-1184-4DE7-995B-950C98F78F43}"
EndProject
Global
	GlobalSection(SolutionConfigurationPlatforms) = preSolution
		Debug|Any CPU = Debug|Any CPU
		Release|Any CPU = Release|Any CPU
	EndGlobalSection
	GlobalSection(ProjectConfigurationPlatforms) = postSolution
		{F1C9970C-1184-4DE7-995B-950C98F78F43}.Debug|Any CPU.ActiveCfg = Debug|Any CPU
		{F1C9970C-1184-4DE7-995B-950C98F78F43}.Debug|Any CPU.Build.0 = Debug|Any CPU
		{F1C9970C-1184-4DE7-995B-950C98F78F43}.Release|Any CPU.ActiveCfg = Release|Any CPU
		{F1C9970C-1184-4DE7-995B-950C98F78F43}.Release|Any CPU.Build.0 = Release|Any CPU
	EndGlobalSection
	GlobalSection(SolutionProperties) = preSolution
		HideSolutionNode = FALSE
	EndGlobalSection
	GlobalSection(ExtensibilityGlobals) = postSolution
		SolutionGuid = {C8D9AA98-0642-44A2-8E67-2927C085A433}
	EndGlobalSection
EndGlobal
