
Microsoft Visual Studio Solution File, Format Version 12.00
# Visual Studio Version 17
VisualStudioVersion = 17.6.33723.286
MinimumVisualStudioVersion = 10.0.40219.1
Project("{9A19103F-16F7-4668-BE54-9A1E7A4F7556}") = "01.Vehicles", "01.Vehicles\01.Vehicles.csproj", "{669B13F0-BDA3-40B1-BE83-2DBD4D4B42DB}"
EndProject
Project("{9A19103F-16F7-4668-BE54-9A1E7A4F7556}") = "02.VehiclesExtension", "02.VehiclesExtension\02.VehiclesExtension.csproj", "{80F167C2-E2E3-404C-B982-45E0E61C1B60}"
EndProject
Global
	GlobalSection(SolutionConfigurationPlatforms) = preSolution
		Debug|Any CPU = Debug|Any CPU
		Release|Any CPU = Release|Any CPU
	EndGlobalSection
	GlobalSection(ProjectConfigurationPlatforms) = postSolution
		{669B13F0-BDA3-40B1-BE83-2DBD4D4B42DB}.Debug|Any CPU.ActiveCfg = Debug|Any CPU
		{669B13F0-BDA3-40B1-BE83-2DBD4D4B42DB}.Debug|Any CPU.Build.0 = Debug|Any CPU
		{669B13F0-BDA3-40B1-BE83-2DBD4D4B42DB}.Release|Any CPU.ActiveCfg = Release|Any CPU
		{669B13F0-BDA3-40B1-BE83-2DBD4D4B42DB}.Release|Any CPU.Build.0 = Release|Any CPU
		{80F167C2-E2E3-404C-B982-45E0E61C1B60}.Debug|Any CPU.ActiveCfg = Debug|Any CPU
		{80F167C2-E2E3-404C-B982-45E0E61C1B60}.Debug|Any CPU.Build.0 = Debug|Any CPU
		{80F167C2-E2E3-404C-B982-45E0E61C1B60}.Release|Any CPU.ActiveCfg = Release|Any CPU
		{80F167C2-E2E3-404C-B982-45E0E61C1B60}.Release|Any CPU.Build.0 = Release|Any CPU
	EndGlobalSection
	GlobalSection(SolutionProperties) = preSolution
		HideSolutionNode = FALSE
	EndGlobalSection
	GlobalSection(ExtensibilityGlobals) = postSolution
		SolutionGuid = {C8D9AA98-0642-44A2-8E67-2927C085A433}
	EndGlobalSection
EndGlobal
