
Microsoft Visual Studio Solution File, Format Version 12.00
# Visual Studio Version 17
VisualStudioVersion = 17.6.33723.286
MinimumVisualStudioVersion = 10.0.40219.1
Project("{9A19103F-16F7-4668-BE54-9A1E7A4F7556}") = "01.Vehicles", "01.Vehicles\01.Vehicles.csproj", "{669B13F0-BDA3-40B1-BE83-2DBD4D4B42DB}"
EndProject
Project("{9A19103F-16F7-4668-BE54-9A1E7A4F7556}") = "03.Riding", "03.Raiding\03.Riding.csproj", "{08C80442-5AC7-4A48-9736-CFF6AF5FDA8B}"
EndProject
Project("{9A19103F-16F7-4668-BE54-9A1E7A4F7556}") = "02.VehicleExtension", "02.VehiclesExtension\02.VehicleExtension.csproj", "{C30D1849-C6E9-4E4B-B6C7-9B08B52E47DD}"
EndProject
Project("{FAE04EC0-301F-11D3-BF4B-00C04F79EFBC}") = "04.WildFarm", "04.WildFarm\04.WildFarm.csproj", "{80FBE56B-C0AE-401C-957F-071176C29919}"
EndProject
Global
	GlobalSection(SolutionConfigurationPlatforms) = preSolution
		Debug|Any CPU = Debug|Any CPU
		Release|Any CPU = Release|Any CPU
	EndGlobalSection
	GlobalSection(ProjectConfigurationPlatforms) = postSolution
		{669B13F0-BDA3-40B1-BE83-2DBD4D4B42DB}.Debug|Any CPU.ActiveCfg = Debug|Any CPU
		{669B13F0-BDA3-40B1-BE83-2DBD4D4B42DB}.Debug|Any CPU.Build.0 = Debug|Any CPU
		{669B13F0-BDA3-40B1-BE83-2DBD4D4B42DB}.Release|Any CPU.ActiveCfg = Release|Any CPU
		{669B13F0-BDA3-40B1-BE83-2DBD4D4B42DB}.Release|Any CPU.Build.0 = Release|Any CPU
		{08C80442-5AC7-4A48-9736-CFF6AF5FDA8B}.Debug|Any CPU.ActiveCfg = Debug|Any CPU
		{08C80442-5AC7-4A48-9736-CFF6AF5FDA8B}.Debug|Any CPU.Build.0 = Debug|Any CPU
		{08C80442-5AC7-4A48-9736-CFF6AF5FDA8B}.Release|Any CPU.ActiveCfg = Release|Any CPU
		{08C80442-5AC7-4A48-9736-CFF6AF5FDA8B}.Release|Any CPU.Build.0 = Release|Any CPU
		{C30D1849-C6E9-4E4B-B6C7-9B08B52E47DD}.Debug|Any CPU.ActiveCfg = Debug|Any CPU
		{C30D1849-C6E9-4E4B-B6C7-9B08B52E47DD}.Debug|Any CPU.Build.0 = Debug|Any CPU
		{C30D1849-C6E9-4E4B-B6C7-9B08B52E47DD}.Release|Any CPU.ActiveCfg = Release|Any CPU
		{C30D1849-C6E9-4E4B-B6C7-9B08B52E47DD}.Release|Any CPU.Build.0 = Release|Any CPU
		{80FBE56B-C0AE-401C-957F-071176C29919}.Debug|Any CPU.ActiveCfg = Debug|Any CPU
		{80FBE56B-C0AE-401C-957F-071176C29919}.Debug|Any CPU.Build.0 = Debug|Any CPU
		{80FBE56B-C0AE-401C-957F-071176C29919}.Release|Any CPU.ActiveCfg = Release|Any CPU
		{80FBE56B-C0AE-401C-957F-071176C29919}.Release|Any CPU.Build.0 = Release|Any CPU
	EndGlobalSection
	GlobalSection(SolutionProperties) = preSolution
		HideSolutionNode = FALSE
	EndGlobalSection
	GlobalSection(ExtensibilityGlobals) = postSolution
		SolutionGuid = {C8D9AA98-0642-44A2-8E67-2927C085A433}
	EndGlobalSection
EndGlobal
