
Microsoft Visual Studio Solution File, Format Version 12.00
# Visual Studio Version 17
VisualStudioVersion = 17.6.33723.286
MinimumVisualStudioVersion = 10.0.40219.1
Project("{9A19103F-16F7-4668-BE54-9A1E7A4F7556}") = "1.DiagonalDifference", "1.DiagonalDifference\1.DiagonalDifference.csproj", "{41602AAE-8703-48E6-BFA4-C82D6692250D}"
EndProject
Project("{9A19103F-16F7-4668-BE54-9A1E7A4F7556}") = "2.SquaresInMatrix", "2.SquaresInMatrix\2.SquaresInMatrix.csproj", "{A3AED825-2095-45FF-9EEE-3AE1C4DAE81D}"
EndProject
Project("{9A19103F-16F7-4668-BE54-9A1E7A4F7556}") = "3.MaximalSum", "3.MaximalSum\3.MaximalSum.csproj", "{4E0DF407-66B9-47C0-8D54-BAC664B93AA7}"
EndProject
Project("{9A19103F-16F7-4668-BE54-9A1E7A4F7556}") = "Homework", "Homework\Homework.csproj", "{3A2B1BDE-EBEB-42BB-B2A8-5AE68DD85D84}"
EndProject
Project("{9A19103F-16F7-4668-BE54-9A1E7A4F7556}") = "4.MatrixShuffling", "4.MatrixShuffling\4.MatrixShuffling.csproj", "{15DDF42C-72E3-48E4-9F39-57890920FB91}"
EndProject
Project("{FAE04EC0-301F-11D3-BF4B-00C04F79EFBC}") = "5.SnakeMoves", "5.SnakeMoves\5.SnakeMoves.csproj", "{1F1DBE3B-8E91-4313-B542-9BC9A932A544}"
EndProject
Global
	GlobalSection(SolutionConfigurationPlatforms) = preSolution
		Debug|Any CPU = Debug|Any CPU
		Release|Any CPU = Release|Any CPU
	EndGlobalSection
	GlobalSection(ProjectConfigurationPlatforms) = postSolution
		{41602AAE-8703-48E6-BFA4-C82D6692250D}.Debug|Any CPU.ActiveCfg = Debug|Any CPU
		{41602AAE-8703-48E6-BFA4-C82D6692250D}.Debug|Any CPU.Build.0 = Debug|Any CPU
		{41602AAE-8703-48E6-BFA4-C82D6692250D}.Release|Any CPU.ActiveCfg = Release|Any CPU
		{41602AAE-8703-48E6-BFA4-C82D6692250D}.Release|Any CPU.Build.0 = Release|Any CPU
		{A3AED825-2095-45FF-9EEE-3AE1C4DAE81D}.Debug|Any CPU.ActiveCfg = Debug|Any CPU
		{A3AED825-2095-45FF-9EEE-3AE1C4DAE81D}.Debug|Any CPU.Build.0 = Debug|Any CPU
		{A3AED825-2095-45FF-9EEE-3AE1C4DAE81D}.Release|Any CPU.ActiveCfg = Release|Any CPU
		{A3AED825-2095-45FF-9EEE-3AE1C4DAE81D}.Release|Any CPU.Build.0 = Release|Any CPU
		{4E0DF407-66B9-47C0-8D54-BAC664B93AA7}.Debug|Any CPU.ActiveCfg = Debug|Any CPU
		{4E0DF407-66B9-47C0-8D54-BAC664B93AA7}.Debug|Any CPU.Build.0 = Debug|Any CPU
		{4E0DF407-66B9-47C0-8D54-BAC664B93AA7}.Release|Any CPU.ActiveCfg = Release|Any CPU
		{4E0DF407-66B9-47C0-8D54-BAC664B93AA7}.Release|Any CPU.Build.0 = Release|Any CPU
		{3A2B1BDE-EBEB-42BB-B2A8-5AE68DD85D84}.Debug|Any CPU.ActiveCfg = Debug|Any CPU
		{3A2B1BDE-EBEB-42BB-B2A8-5AE68DD85D84}.Debug|Any CPU.Build.0 = Debug|Any CPU
		{3A2B1BDE-EBEB-42BB-B2A8-5AE68DD85D84}.Release|Any CPU.ActiveCfg = Release|Any CPU
		{3A2B1BDE-EBEB-42BB-B2A8-5AE68DD85D84}.Release|Any CPU.Build.0 = Release|Any CPU
		{15DDF42C-72E3-48E4-9F39-57890920FB91}.Debug|Any CPU.ActiveCfg = Debug|Any CPU
		{15DDF42C-72E3-48E4-9F39-57890920FB91}.Debug|Any CPU.Build.0 = Debug|Any CPU
		{15DDF42C-72E3-48E4-9F39-57890920FB91}.Release|Any CPU.ActiveCfg = Release|Any CPU
		{15DDF42C-72E3-48E4-9F39-57890920FB91}.Release|Any CPU.Build.0 = Release|Any CPU
		{1F1DBE3B-8E91-4313-B542-9BC9A932A544}.Debug|Any CPU.ActiveCfg = Debug|Any CPU
		{1F1DBE3B-8E91-4313-B542-9BC9A932A544}.Debug|Any CPU.Build.0 = Debug|Any CPU
		{1F1DBE3B-8E91-4313-B542-9BC9A932A544}.Release|Any CPU.ActiveCfg = Release|Any CPU
		{1F1DBE3B-8E91-4313-B542-9BC9A932A544}.Release|Any CPU.Build.0 = Release|Any CPU
	EndGlobalSection
	GlobalSection(SolutionProperties) = preSolution
		HideSolutionNode = FALSE
	EndGlobalSection
	GlobalSection(ExtensibilityGlobals) = postSolution
		SolutionGuid = {C8D9AA98-0642-44A2-8E67-2927C085A433}
	EndGlobalSection
EndGlobal
