
Microsoft Visual Studio Solution File, Format Version 12.00
# Visual Studio Version 17
VisualStudioVersion = 17.6.33723.286
MinimumVisualStudioVersion = 10.0.40219.1
Project("{9A19103F-16F7-4668-BE54-9A1E7A4F7556}") = "Handball", "01.StructureAnd02.BusinessLogic\Handball.csproj", "{B4D54156-FE1F-4A93-9B70-DC2994F86D3C}"
EndProject
Project("{9A19103F-16F7-4668-BE54-9A1E7A4F7556}") = "SmartDevice", "03.UnitTests\SmartDevice\SmartDevice.csproj", "{2B2E9DFF-C51E-4940-8800-D3A283244717}"
EndProject
Project("{9A19103F-16F7-4668-BE54-9A1E7A4F7556}") = "SmartDevice.Tests", "03.UnitTests\SmartDevice.Tests\SmartDevice.Tests.csproj", "{DE17AF88-7448-44BA-BB8A-AC740392406E}"
EndProject
Global
	GlobalSection(SolutionConfigurationPlatforms) = preSolution
		Debug|Any CPU = Debug|Any CPU
		Release|Any CPU = Release|Any CPU
	EndGlobalSection
	GlobalSection(ProjectConfigurationPlatforms) = postSolution
		{B4D54156-FE1F-4A93-9B70-DC2994F86D3C}.Debug|Any CPU.ActiveCfg = Debug|Any CPU
		{B4D54156-FE1F-4A93-9B70-DC2994F86D3C}.Debug|Any CPU.Build.0 = Debug|Any CPU
		{B4D54156-FE1F-4A93-9B70-DC2994F86D3C}.Release|Any CPU.ActiveCfg = Release|Any CPU
		{B4D54156-FE1F-4A93-9B70-DC2994F86D3C}.Release|Any CPU.Build.0 = Release|Any CPU
		{2B2E9DFF-C51E-4940-8800-D3A283244717}.Debug|Any CPU.ActiveCfg = Debug|Any CPU
		{2B2E9DFF-C51E-4940-8800-D3A283244717}.Debug|Any CPU.Build.0 = Debug|Any CPU
		{2B2E9DFF-C51E-4940-8800-D3A283244717}.Release|Any CPU.ActiveCfg = Release|Any CPU
		{2B2E9DFF-C51E-4940-8800-D3A283244717}.Release|Any CPU.Build.0 = Release|Any CPU
		{DE17AF88-7448-44BA-BB8A-AC740392406E}.Debug|Any CPU.ActiveCfg = Debug|Any CPU
		{DE17AF88-7448-44BA-BB8A-AC740392406E}.Debug|Any CPU.Build.0 = Debug|Any CPU
		{DE17AF88-7448-44BA-BB8A-AC740392406E}.Release|Any CPU.ActiveCfg = Release|Any CPU
		{DE17AF88-7448-44BA-BB8A-AC740392406E}.Release|Any CPU.Build.0 = Release|Any CPU
	EndGlobalSection
	GlobalSection(SolutionProperties) = preSolution
		HideSolutionNode = FALSE
	EndGlobalSection
	GlobalSection(ExtensibilityGlobals) = postSolution
		SolutionGuid = {C8D9AA98-0642-44A2-8E67-2927C085A433}
	EndGlobalSection
EndGlobal
