
Microsoft Visual Studio Solution File, Format Version 12.00
# Visual Studio Version 17
VisualStudioVersion = 17.6.33723.286
MinimumVisualStudioVersion = 10.0.40219.1
Project("{9A19103F-16F7-4668-BE54-9A1E7A4F7556}") = "Handball", "01.StructureAnd02.BusinessLogic\Handball.csproj", "{B4D54156-FE1F-4A93-9B70-DC2994F86D3C}"
EndProject
Project("{9A19103F-16F7-4668-BE54-9A1E7A4F7556}") = "SmartDevice", "03.UnitTests\SmartDevice\SmartDevice.csproj", "{2B2E9DFF-C51E-4940-8800-D3A283244717}"
EndProject
Project("{9A19103F-16F7-4668-BE54-9A1E7A4F7556}") = "SmartDevice.Tests", "03.UnitTests\SmartDevice.Tests\SmartDevice.Tests.csproj", "{DE17AF88-7448-44BA-BB8A-AC740392406E}"
EndProject
Project("{9A19103F-16F7-4668-BE54-9A1E7A4F7556}") = "HighwayToPeak", "01.StructureAnd02.BusinessLogicRetakeExam19December2023\HighwayToPeak.csproj", "{692B7EF6-D10C-461C-B0E7-2CE3CB7CBA69}"
EndProject
Project("{9A19103F-16F7-4668-BE54-9A1E7A4F7556}") = "Television", "03.UnitTestsRetakeExam19December2023 - Copy\Television\Television.csproj", "{40FA0494-0BDB-4BFE-B6F5-56F1E8E462C8}"
EndProject
Project("{9A19103F-16F7-4668-BE54-9A1E7A4F7556}") = "Television.Tests", "03.UnitTestsRetakeExam19December2023 - Copy\Television.Tests\Television.Tests.csproj", "{4535BE45-08D3-472B-8823-DDF034406CE4}"
EndProject
Project("{9A19103F-16F7-4668-BE54-9A1E7A4F7556}") = "NauticalCatchChallenge", "01.StructureAnd02.BusinessLogicExamRegular09December2023\NauticalCatchChallenge.csproj", "{274CDE13-14C7-459C-ABE9-2F176B10FCB4}"
EndProject
Project("{9A19103F-16F7-4668-BE54-9A1E7A4F7556}") = "Railway", "UnitTestsExamRegular09December2023\Railway\Railway.csproj", "{22B3EB13-1456-432E-A24E-07088136AF88}"
EndProject
Project("{9A19103F-16F7-4668-BE54-9A1E7A4F7556}") = "Railway.Tests", "UnitTestsExamRegular09December2023\Railway.Tests\Railway.Tests.csproj", "{7DE1C1F8-B5E5-41E0-B995-EB2D92046E35}"
EndProject
Project("{9A19103F-16F7-4668-BE54-9A1E7A4F7556}") = "BankLoan", "01.StructureAnd02.BusinessLogicRegularExam5August2023\BankLoan.csproj", "{20023010-7E90-4A43-A69E-E1327B051444}"
EndProject
Project("{9A19103F-16F7-4668-BE54-9A1E7A4F7556}") = "VendingRetail", "03.UnitTestsRegularExam5August2023\VendingRetail\VendingRetail.csproj", "{EA406D5B-9D31-4ADD-9463-620C95E2736C}"
EndProject
Project("{9A19103F-16F7-4668-BE54-9A1E7A4F7556}") = "VendingRetail.Tests", "03.UnitTestsRegularExam5August2023\VendingRetail.Tests\VendingRetail.Tests.csproj", "{C2EA5743-A806-45EA-8AD4-94C771948F2A}"
EndProject
Global
	GlobalSection(SolutionConfigurationPlatforms) = preSolution
		Debug|Any CPU = Debug|Any CPU
		Release|Any CPU = Release|Any CPU
	EndGlobalSection
	GlobalSection(ProjectConfigurationPlatforms) = postSolution
		{B4D54156-FE1F-4A93-9B70-DC2994F86D3C}.Debug|Any CPU.ActiveCfg = Debug|Any CPU
		{B4D54156-FE1F-4A93-9B70-DC2994F86D3C}.Debug|Any CPU.Build.0 = Debug|Any CPU
		{B4D54156-FE1F-4A93-9B70-DC2994F86D3C}.Release|Any CPU.ActiveCfg = Release|Any CPU
		{B4D54156-FE1F-4A93-9B70-DC2994F86D3C}.Release|Any CPU.Build.0 = Release|Any CPU
		{2B2E9DFF-C51E-4940-8800-D3A283244717}.Debug|Any CPU.ActiveCfg = Debug|Any CPU
		{2B2E9DFF-C51E-4940-8800-D3A283244717}.Debug|Any CPU.Build.0 = Debug|Any CPU
		{2B2E9DFF-C51E-4940-8800-D3A283244717}.Release|Any CPU.ActiveCfg = Release|Any CPU
		{2B2E9DFF-C51E-4940-8800-D3A283244717}.Release|Any CPU.Build.0 = Release|Any CPU
		{DE17AF88-7448-44BA-BB8A-AC740392406E}.Debug|Any CPU.ActiveCfg = Debug|Any CPU
		{DE17AF88-7448-44BA-BB8A-AC740392406E}.Debug|Any CPU.Build.0 = Debug|Any CPU
		{DE17AF88-7448-44BA-BB8A-AC740392406E}.Release|Any CPU.ActiveCfg = Release|Any CPU
		{DE17AF88-7448-44BA-BB8A-AC740392406E}.Release|Any CPU.Build.0 = Release|Any CPU
		{692B7EF6-D10C-461C-B0E7-2CE3CB7CBA69}.Debug|Any CPU.ActiveCfg = Debug|Any CPU
		{692B7EF6-D10C-461C-B0E7-2CE3CB7CBA69}.Debug|Any CPU.Build.0 = Debug|Any CPU
		{692B7EF6-D10C-461C-B0E7-2CE3CB7CBA69}.Release|Any CPU.ActiveCfg = Release|Any CPU
		{692B7EF6-D10C-461C-B0E7-2CE3CB7CBA69}.Release|Any CPU.Build.0 = Release|Any CPU
		{40FA0494-0BDB-4BFE-B6F5-56F1E8E462C8}.Debug|Any CPU.ActiveCfg = Debug|Any CPU
		{40FA0494-0BDB-4BFE-B6F5-56F1E8E462C8}.Debug|Any CPU.Build.0 = Debug|Any CPU
		{40FA0494-0BDB-4BFE-B6F5-56F1E8E462C8}.Release|Any CPU.ActiveCfg = Release|Any CPU
		{40FA0494-0BDB-4BFE-B6F5-56F1E8E462C8}.Release|Any CPU.Build.0 = Release|Any CPU
		{4535BE45-08D3-472B-8823-DDF034406CE4}.Debug|Any CPU.ActiveCfg = Debug|Any CPU
		{4535BE45-08D3-472B-8823-DDF034406CE4}.Debug|Any CPU.Build.0 = Debug|Any CPU
		{4535BE45-08D3-472B-8823-DDF034406CE4}.Release|Any CPU.ActiveCfg = Release|Any CPU
		{4535BE45-08D3-472B-8823-DDF034406CE4}.Release|Any CPU.Build.0 = Release|Any CPU
		{274CDE13-14C7-459C-ABE9-2F176B10FCB4}.Debug|Any CPU.ActiveCfg = Debug|Any CPU
		{274CDE13-14C7-459C-ABE9-2F176B10FCB4}.Debug|Any CPU.Build.0 = Debug|Any CPU
		{274CDE13-14C7-459C-ABE9-2F176B10FCB4}.Release|Any CPU.ActiveCfg = Release|Any CPU
		{274CDE13-14C7-459C-ABE9-2F176B10FCB4}.Release|Any CPU.Build.0 = Release|Any CPU
		{22B3EB13-1456-432E-A24E-07088136AF88}.Debug|Any CPU.ActiveCfg = Debug|Any CPU
		{22B3EB13-1456-432E-A24E-07088136AF88}.Debug|Any CPU.Build.0 = Debug|Any CPU
		{22B3EB13-1456-432E-A24E-07088136AF88}.Release|Any CPU.ActiveCfg = Release|Any CPU
		{22B3EB13-1456-432E-A24E-07088136AF88}.Release|Any CPU.Build.0 = Release|Any CPU
		{7DE1C1F8-B5E5-41E0-B995-EB2D92046E35}.Debug|Any CPU.ActiveCfg = Debug|Any CPU
		{7DE1C1F8-B5E5-41E0-B995-EB2D92046E35}.Debug|Any CPU.Build.0 = Debug|Any CPU
		{7DE1C1F8-B5E5-41E0-B995-EB2D92046E35}.Release|Any CPU.ActiveCfg = Release|Any CPU
		{7DE1C1F8-B5E5-41E0-B995-EB2D92046E35}.Release|Any CPU.Build.0 = Release|Any CPU
		{20023010-7E90-4A43-A69E-E1327B051444}.Debug|Any CPU.ActiveCfg = Debug|Any CPU
		{20023010-7E90-4A43-A69E-E1327B051444}.Debug|Any CPU.Build.0 = Debug|Any CPU
		{20023010-7E90-4A43-A69E-E1327B051444}.Release|Any CPU.ActiveCfg = Release|Any CPU
		{20023010-7E90-4A43-A69E-E1327B051444}.Release|Any CPU.Build.0 = Release|Any CPU
		{EA406D5B-9D31-4ADD-9463-620C95E2736C}.Debug|Any CPU.ActiveCfg = Debug|Any CPU
		{EA406D5B-9D31-4ADD-9463-620C95E2736C}.Debug|Any CPU.Build.0 = Debug|Any CPU
		{EA406D5B-9D31-4ADD-9463-620C95E2736C}.Release|Any CPU.ActiveCfg = Release|Any CPU
		{EA406D5B-9D31-4ADD-9463-620C95E2736C}.Release|Any CPU.Build.0 = Release|Any CPU
		{C2EA5743-A806-45EA-8AD4-94C771948F2A}.Debug|Any CPU.ActiveCfg = Debug|Any CPU
		{C2EA5743-A806-45EA-8AD4-94C771948F2A}.Debug|Any CPU.Build.0 = Debug|Any CPU
		{C2EA5743-A806-45EA-8AD4-94C771948F2A}.Release|Any CPU.ActiveCfg = Release|Any CPU
		{C2EA5743-A806-45EA-8AD4-94C771948F2A}.Release|Any CPU.Build.0 = Release|Any CPU
	EndGlobalSection
	GlobalSection(SolutionProperties) = preSolution
		HideSolutionNode = FALSE
	EndGlobalSection
	GlobalSection(ExtensibilityGlobals) = postSolution
		SolutionGuid = {C8D9AA98-0642-44A2-8E67-2927C085A433}
	EndGlobalSection
EndGlobal
