
Microsoft Visual Studio Solution File, Format Version 12.00
# Visual Studio Version 17
VisualStudioVersion = 17.6.33723.286
MinimumVisualStudioVersion = 10.0.40219.1
Project("{9A19103F-16F7-4668-BE54-9A1E7A4F7556}") = "01.WormsAndHoles", "01.WormsAndHoles\01.WormsAndHoles.csproj", "{B35E8CB9-1ABC-4184-B5E1-625669752253}"
EndProject
Project("{9A19103F-16F7-4668-BE54-9A1E7A4F7556}") = "02.TheGambler", "02.TheGambler\02.TheGambler.csproj", "{F98AADCA-46D3-4E5B-8D6A-DC6CE61BD4A7}"
EndProject
Project("{9A19103F-16F7-4668-BE54-9A1E7A4F7556}") = "GroceriesManagement", "03.GroceriesManagement\GroceriesManagement.csproj", "{213FD247-9731-4B65-9B72-80B45F33A40B}"
EndProject
Project("{9A19103F-16F7-4668-BE54-9A1E7A4F7556}") = "01.OffroadChallenge", "01.OffroadChallenge\01.OffroadChallenge.csproj", "{6C6A17E7-0C53-4306-9607-97206F08BA42}"
EndProject
Project("{9A19103F-16F7-4668-BE54-9A1E7A4F7556}") = "02.FishingCompetition", "02.FishingCompetition\02.FishingCompetition.csproj", "{39152002-BA25-412B-AA05-A6D3FF263F71}"
EndProject
Project("{9A19103F-16F7-4668-BE54-9A1E7A4F7556}") = "MailClient", "03.MailClient\MailClient.csproj", "{BEFC50FA-3689-47A8-A6F8-88C8F6961FBA}"
EndProject
Project("{FAE04EC0-301F-11D3-BF4B-00C04F79EFBC}") = "01.MonsterExtermination", "01.MonsterExtermination\01.MonsterExtermination.csproj", "{526D2097-8192-45BC-BF2B-564C1734C250}"
EndProject
Project("{FAE04EC0-301F-11D3-BF4B-00C04F79EFBC}") = "02.DeliveryBoy", "02.DeliveryBoy\02.DeliveryBoy.csproj", "{80087C5F-B8C8-4067-9697-E7D3283E47D3}"
EndProject
Global
	GlobalSection(SolutionConfigurationPlatforms) = preSolution
		Debug|Any CPU = Debug|Any CPU
		Release|Any CPU = Release|Any CPU
	EndGlobalSection
	GlobalSection(ProjectConfigurationPlatforms) = postSolution
		{B35E8CB9-1ABC-4184-B5E1-625669752253}.Debug|Any CPU.ActiveCfg = Debug|Any CPU
		{B35E8CB9-1ABC-4184-B5E1-625669752253}.Debug|Any CPU.Build.0 = Debug|Any CPU
		{B35E8CB9-1ABC-4184-B5E1-625669752253}.Release|Any CPU.ActiveCfg = Release|Any CPU
		{B35E8CB9-1ABC-4184-B5E1-625669752253}.Release|Any CPU.Build.0 = Release|Any CPU
		{F98AADCA-46D3-4E5B-8D6A-DC6CE61BD4A7}.Debug|Any CPU.ActiveCfg = Debug|Any CPU
		{F98AADCA-46D3-4E5B-8D6A-DC6CE61BD4A7}.Debug|Any CPU.Build.0 = Debug|Any CPU
		{F98AADCA-46D3-4E5B-8D6A-DC6CE61BD4A7}.Release|Any CPU.ActiveCfg = Release|Any CPU
		{F98AADCA-46D3-4E5B-8D6A-DC6CE61BD4A7}.Release|Any CPU.Build.0 = Release|Any CPU
		{213FD247-9731-4B65-9B72-80B45F33A40B}.Debug|Any CPU.ActiveCfg = Debug|Any CPU
		{213FD247-9731-4B65-9B72-80B45F33A40B}.Debug|Any CPU.Build.0 = Debug|Any CPU
		{213FD247-9731-4B65-9B72-80B45F33A40B}.Release|Any CPU.ActiveCfg = Release|Any CPU
		{213FD247-9731-4B65-9B72-80B45F33A40B}.Release|Any CPU.Build.0 = Release|Any CPU
		{6C6A17E7-0C53-4306-9607-97206F08BA42}.Debug|Any CPU.ActiveCfg = Debug|Any CPU
		{6C6A17E7-0C53-4306-9607-97206F08BA42}.Debug|Any CPU.Build.0 = Debug|Any CPU
		{6C6A17E7-0C53-4306-9607-97206F08BA42}.Release|Any CPU.ActiveCfg = Release|Any CPU
		{6C6A17E7-0C53-4306-9607-97206F08BA42}.Release|Any CPU.Build.0 = Release|Any CPU
		{39152002-BA25-412B-AA05-A6D3FF263F71}.Debug|Any CPU.ActiveCfg = Debug|Any CPU
		{39152002-BA25-412B-AA05-A6D3FF263F71}.Debug|Any CPU.Build.0 = Debug|Any CPU
		{39152002-BA25-412B-AA05-A6D3FF263F71}.Release|Any CPU.ActiveCfg = Release|Any CPU
		{39152002-BA25-412B-AA05-A6D3FF263F71}.Release|Any CPU.Build.0 = Release|Any CPU
		{BEFC50FA-3689-47A8-A6F8-88C8F6961FBA}.Debug|Any CPU.ActiveCfg = Debug|Any CPU
		{BEFC50FA-3689-47A8-A6F8-88C8F6961FBA}.Debug|Any CPU.Build.0 = Debug|Any CPU
		{BEFC50FA-3689-47A8-A6F8-88C8F6961FBA}.Release|Any CPU.ActiveCfg = Release|Any CPU
		{BEFC50FA-3689-47A8-A6F8-88C8F6961FBA}.Release|Any CPU.Build.0 = Release|Any CPU
		{526D2097-8192-45BC-BF2B-564C1734C250}.Debug|Any CPU.ActiveCfg = Debug|Any CPU
		{526D2097-8192-45BC-BF2B-564C1734C250}.Debug|Any CPU.Build.0 = Debug|Any CPU
		{526D2097-8192-45BC-BF2B-564C1734C250}.Release|Any CPU.ActiveCfg = Release|Any CPU
		{526D2097-8192-45BC-BF2B-564C1734C250}.Release|Any CPU.Build.0 = Release|Any CPU
		{80087C5F-B8C8-4067-9697-E7D3283E47D3}.Debug|Any CPU.ActiveCfg = Debug|Any CPU
		{80087C5F-B8C8-4067-9697-E7D3283E47D3}.Debug|Any CPU.Build.0 = Debug|Any CPU
		{80087C5F-B8C8-4067-9697-E7D3283E47D3}.Release|Any CPU.ActiveCfg = Release|Any CPU
		{80087C5F-B8C8-4067-9697-E7D3283E47D3}.Release|Any CPU.Build.0 = Release|Any CPU
	EndGlobalSection
	GlobalSection(SolutionProperties) = preSolution
		HideSolutionNode = FALSE
	EndGlobalSection
	GlobalSection(ExtensibilityGlobals) = postSolution
		SolutionGuid = {C8D9AA98-0642-44A2-8E67-2927C085A433}
	EndGlobalSection
EndGlobal
