
Microsoft Visual Studio Solution File, Format Version 12.00
# Visual Studio Version 17
VisualStudioVersion = 17.6.33723.286
MinimumVisualStudioVersion = 10.0.40219.1
Project("{FAE04EC0-301F-11D3-BF4B-00C04F79EFBC}") = "01.Car", "01.Car\01.Car.csproj", "{9DCF992A-290D-48CB-A4FB-602179E50DB5}"
EndProject
Project("{FAE04EC0-301F-11D3-BF4B-00C04F79EFBC}") = "02.CarExtension", "02.CarExtension\02.CarExtension.csproj", "{7B70DD5E-6CB8-4624-99F2-5E59254D77DB}"
EndProject
Project("{FAE04EC0-301F-11D3-BF4B-00C04F79EFBC}") = "03.CarConstructors", "03.CarConstructors\03.CarConstructors.csproj", "{B0F17897-5C78-4DA4-BF75-D40F6B1FABE2}"
EndProject
Project("{FAE04EC0-301F-11D3-BF4B-00C04F79EFBC}") = "04.CarEngineAndTires", "04.CarEngineAndTires\04.CarEngineAndTires.csproj", "{CCF8E302-F3DD-4AF5-A26A-4041E0417529}"
EndProject
Global
	GlobalSection(SolutionConfigurationPlatforms) = preSolution
		Debug|Any CPU = Debug|Any CPU
		Release|Any CPU = Release|Any CPU
	EndGlobalSection
	GlobalSection(ProjectConfigurationPlatforms) = postSolution
		{9DCF992A-290D-48CB-A4FB-602179E50DB5}.Debug|Any CPU.ActiveCfg = Debug|Any CPU
		{9DCF992A-290D-48CB-A4FB-602179E50DB5}.Debug|Any CPU.Build.0 = Debug|Any CPU
		{9DCF992A-290D-48CB-A4FB-602179E50DB5}.Release|Any CPU.ActiveCfg = Release|Any CPU
		{9DCF992A-290D-48CB-A4FB-602179E50DB5}.Release|Any CPU.Build.0 = Release|Any CPU
		{7B70DD5E-6CB8-4624-99F2-5E59254D77DB}.Debug|Any CPU.ActiveCfg = Debug|Any CPU
		{7B70DD5E-6CB8-4624-99F2-5E59254D77DB}.Debug|Any CPU.Build.0 = Debug|Any CPU
		{7B70DD5E-6CB8-4624-99F2-5E59254D77DB}.Release|Any CPU.ActiveCfg = Release|Any CPU
		{7B70DD5E-6CB8-4624-99F2-5E59254D77DB}.Release|Any CPU.Build.0 = Release|Any CPU
		{B0F17897-5C78-4DA4-BF75-D40F6B1FABE2}.Debug|Any CPU.ActiveCfg = Debug|Any CPU
		{B0F17897-5C78-4DA4-BF75-D40F6B1FABE2}.Debug|Any CPU.Build.0 = Debug|Any CPU
		{B0F17897-5C78-4DA4-BF75-D40F6B1FABE2}.Release|Any CPU.ActiveCfg = Release|Any CPU
		{B0F17897-5C78-4DA4-BF75-D40F6B1FABE2}.Release|Any CPU.Build.0 = Release|Any CPU
		{CCF8E302-F3DD-4AF5-A26A-4041E0417529}.Debug|Any CPU.ActiveCfg = Debug|Any CPU
		{CCF8E302-F3DD-4AF5-A26A-4041E0417529}.Debug|Any CPU.Build.0 = Debug|Any CPU
		{CCF8E302-F3DD-4AF5-A26A-4041E0417529}.Release|Any CPU.ActiveCfg = Release|Any CPU
		{CCF8E302-F3DD-4AF5-A26A-4041E0417529}.Release|Any CPU.Build.0 = Release|Any CPU
	EndGlobalSection
	GlobalSection(SolutionProperties) = preSolution
		HideSolutionNode = FALSE
	EndGlobalSection
	GlobalSection(ExtensibilityGlobals) = postSolution
		SolutionGuid = {C8D9AA98-0642-44A2-8E67-2927C085A433}
	EndGlobalSection
EndGlobal
