
Microsoft Visual Studio Solution File, Format Version 12.00
# Visual Studio Version 17
VisualStudioVersion = 17.6.33723.286
MinimumVisualStudioVersion = 10.0.40219.1
Project("{9A19103F-16F7-4668-BE54-9A1E7A4F7556}") = "01.DefineAnInterfaceIPerson", "01.DefineAnInterfaceIPerson\01.DefineAnInterfaceIPerson.csproj", "{B7986CC1-1473-4BD5-B2D0-43F9977F0610}"
EndProject
Project("{9A19103F-16F7-4668-BE54-9A1E7A4F7556}") = "02.MultipleImplementation", "02.MultipleImplementation\02.MultipleImplementation.csproj", "{C686DD5C-B3EC-4F67-BB6B-93D9D7C41F98}"
EndProject
Project("{9A19103F-16F7-4668-BE54-9A1E7A4F7556}") = "03.Telephony", "03.Telephony\03.Telephony.csproj", "{49B57FC2-649A-4560-9140-B495748DBC29}"
EndProject
Project("{FAE04EC0-301F-11D3-BF4B-00C04F79EFBC}") = "04.BorderControl", "04.BorderControl\04.BorderControl.csproj", "{A9B8CE9A-243F-4D86-A311-52B11C6288CE}"
EndProject
Project("{FAE04EC0-301F-11D3-BF4B-00C04F79EFBC}") = "05.BirthdayCelebrations", "05.BirthdayCelebrations\05.BirthdayCelebrations.csproj", "{5DAEB9F5-A739-4EB2-A991-B3A34F579D62}"
EndProject
Project("{FAE04EC0-301F-11D3-BF4B-00C04F79EFBC}") = "06.FoodShortage", "06.FoodShortage\06.FoodShortage.csproj", "{CA48C2CF-4593-4CD2-8BA3-F06EB3155FD0}"
EndProject
Global
	GlobalSection(SolutionConfigurationPlatforms) = preSolution
		Debug|Any CPU = Debug|Any CPU
		Release|Any CPU = Release|Any CPU
	EndGlobalSection
	GlobalSection(ProjectConfigurationPlatforms) = postSolution
		{B7986CC1-1473-4BD5-B2D0-43F9977F0610}.Debug|Any CPU.ActiveCfg = Debug|Any CPU
		{B7986CC1-1473-4BD5-B2D0-43F9977F0610}.Debug|Any CPU.Build.0 = Debug|Any CPU
		{B7986CC1-1473-4BD5-B2D0-43F9977F0610}.Release|Any CPU.ActiveCfg = Release|Any CPU
		{B7986CC1-1473-4BD5-B2D0-43F9977F0610}.Release|Any CPU.Build.0 = Release|Any CPU
		{C686DD5C-B3EC-4F67-BB6B-93D9D7C41F98}.Debug|Any CPU.ActiveCfg = Debug|Any CPU
		{C686DD5C-B3EC-4F67-BB6B-93D9D7C41F98}.Debug|Any CPU.Build.0 = Debug|Any CPU
		{C686DD5C-B3EC-4F67-BB6B-93D9D7C41F98}.Release|Any CPU.ActiveCfg = Release|Any CPU
		{C686DD5C-B3EC-4F67-BB6B-93D9D7C41F98}.Release|Any CPU.Build.0 = Release|Any CPU
		{49B57FC2-649A-4560-9140-B495748DBC29}.Debug|Any CPU.ActiveCfg = Debug|Any CPU
		{49B57FC2-649A-4560-9140-B495748DBC29}.Debug|Any CPU.Build.0 = Debug|Any CPU
		{49B57FC2-649A-4560-9140-B495748DBC29}.Release|Any CPU.ActiveCfg = Release|Any CPU
		{49B57FC2-649A-4560-9140-B495748DBC29}.Release|Any CPU.Build.0 = Release|Any CPU
		{A9B8CE9A-243F-4D86-A311-52B11C6288CE}.Debug|Any CPU.ActiveCfg = Debug|Any CPU
		{A9B8CE9A-243F-4D86-A311-52B11C6288CE}.Debug|Any CPU.Build.0 = Debug|Any CPU
		{A9B8CE9A-243F-4D86-A311-52B11C6288CE}.Release|Any CPU.ActiveCfg = Release|Any CPU
		{A9B8CE9A-243F-4D86-A311-52B11C6288CE}.Release|Any CPU.Build.0 = Release|Any CPU
		{5DAEB9F5-A739-4EB2-A991-B3A34F579D62}.Debug|Any CPU.ActiveCfg = Debug|Any CPU
		{5DAEB9F5-A739-4EB2-A991-B3A34F579D62}.Debug|Any CPU.Build.0 = Debug|Any CPU
		{5DAEB9F5-A739-4EB2-A991-B3A34F579D62}.Release|Any CPU.ActiveCfg = Release|Any CPU
		{5DAEB9F5-A739-4EB2-A991-B3A34F579D62}.Release|Any CPU.Build.0 = Release|Any CPU
		{CA48C2CF-4593-4CD2-8BA3-F06EB3155FD0}.Debug|Any CPU.ActiveCfg = Debug|Any CPU
		{CA48C2CF-4593-4CD2-8BA3-F06EB3155FD0}.Debug|Any CPU.Build.0 = Debug|Any CPU
		{CA48C2CF-4593-4CD2-8BA3-F06EB3155FD0}.Release|Any CPU.ActiveCfg = Release|Any CPU
		{CA48C2CF-4593-4CD2-8BA3-F06EB3155FD0}.Release|Any CPU.Build.0 = Release|Any CPU
	EndGlobalSection
	GlobalSection(SolutionProperties) = preSolution
		HideSolutionNode = FALSE
	EndGlobalSection
	GlobalSection(ExtensibilityGlobals) = postSolution
		SolutionGuid = {C8D9AA98-0642-44A2-8E67-2927C085A433}
	EndGlobalSection
EndGlobal
